// !$*UTF8*$!
{
	archiveVersion = 1;
	classes = {
	};
	objectVersion = 46;
	objects = {

/* Begin PBXBuildFile section */
		FA7635311BEAE791004E3BFF /* AppDelegate.swift in Sources */ = {isa = PBXBuildFile; fileRef = FA7635301BEAE791004E3BFF /* AppDelegate.swift */; };
		FA7635361BEAE791004E3BFF /* Main.storyboard in Resources */ = {isa = PBXBuildFile; fileRef = FA7635341BEAE791004E3BFF /* Main.storyboard */; };
		FA7635381BEAE791004E3BFF /* Assets.xcassets in Resources */ = {isa = PBXBuildFile; fileRef = FA7635371BEAE791004E3BFF /* Assets.xcassets */; };
		FA76353B1BEAE791004E3BFF /* LaunchScreen.storyboard in Resources */ = {isa = PBXBuildFile; fileRef = FA7635391BEAE791004E3BFF /* LaunchScreen.storyboard */; };
		FA7635431BEAE97B004E3BFF /* AttractionTableViewController.swift in Sources */ = {isa = PBXBuildFile; fileRef = FA7635421BEAE97B004E3BFF /* AttractionTableViewController.swift */; };
		FA7635451BEAEA46004E3BFF /* AttractionTableViewCell.swift in Sources */ = {isa = PBXBuildFile; fileRef = FA7635441BEAEA46004E3BFF /* AttractionTableViewCell.swift */; };
		FA76354B1BEAF4F3004E3BFF /* buckingham_palace.jpg in Resources */ = {isa = PBXBuildFile; fileRef = FA7635461BEAF4F3004E3BFF /* buckingham_palace.jpg */; };
		FA76354C1BEAF4F3004E3BFF /* eiffel_tower.jpg in Resources */ = {isa = PBXBuildFile; fileRef = FA7635471BEAF4F3004E3BFF /* eiffel_tower.jpg */; };
		FA76354D1BEAF4F3004E3BFF /* empire_state_building.jpg in Resources */ = {isa = PBXBuildFile; fileRef = FA7635481BEAF4F3004E3BFF /* empire_state_building.jpg */; };
		FA76354E1BEAF4F3004E3BFF /* grand_canyon.jpg in Resources */ = {isa = PBXBuildFile; fileRef = FA7635491BEAF4F3004E3BFF /* grand_canyon.jpg */; };
		FA76354F1BEAF4F3004E3BFF /* windsor_castle.jpg in Resources */ = {isa = PBXBuildFile; fileRef = FA76354A1BEAF4F3004E3BFF /* windsor_castle.jpg */; };
		FA7635511BEAFF6E004E3BFF /* AttractionDetailViewController.swift in Sources */ = {isa = PBXBuildFile; fileRef = FA7635501BEAFF6E004E3BFF /* AttractionDetailViewController.swift */; };
/* End PBXBuildFile section */

/* Begin PBXFileReference section */
		FA76352D1BEAE791004E3BFF /* TableViewStory.app */ = {isa = PBXFileReference; explicitFileType = wrapper.application; includeInIndex = 0; path = TableViewStory.app; sourceTree = BUILT_PRODUCTS_DIR; };
		FA7635301BEAE791004E3BFF /* AppDelegate.swift */ = {isa = PBXFileReference; lastKnownFileType = sourcecode.swift; path = AppDelegate.swift; sourceTree = "<group>"; };
		FA7635351BEAE791004E3BFF /* Base */ = {isa = PBXFileReference; lastKnownFileType = file.storyboard; name = Base; path = Base.lproj/Main.storyboard; sourceTree = "<group>"; };
		FA7635371BEAE791004E3BFF /* Assets.xcassets */ = {isa = PBXFileReference; lastKnownFileType = folder.assetcatalog; path = Assets.xcassets; sourceTree = "<group>"; };
		FA76353A1BEAE791004E3BFF /* Base */ = {isa = PBXFileReference; lastKnownFileType = file.storyboard; name = Base; path = Base.lproj/LaunchScreen.storyboard; sourceTree = "<group>"; };
		FA76353C1BEAE791004E3BFF /* Info.plist */ = {isa = PBXFileReference; lastKnownFileType = text.plist.xml; path = Info.plist; sourceTree = "<group>"; };
		FA7635421BEAE97B004E3BFF /* AttractionTableViewController.swift */ = {isa = PBXFileReference; fileEncoding = 4; lastKnownFileType = sourcecode.swift; path = AttractionTableViewController.swift; sourceTree = "<group>"; };
		FA7635441BEAEA46004E3BFF /* AttractionTableViewCell.swift */ = {isa = PBXFileReference; fileEncoding = 4; lastKnownFileType = sourcecode.swift; path = AttractionTableViewCell.swift; sourceTree = "<group>"; };
		FA7635461BEAF4F3004E3BFF /* buckingham_palace.jpg */ = {isa = PBXFileReference; lastKnownFileType = image.jpeg; path = buckingham_palace.jpg; sourceTree = "<group>"; };
		FA7635471BEAF4F3004E3BFF /* eiffel_tower.jpg */ = {isa = PBXFileReference; lastKnownFileType = image.jpeg; path = eiffel_tower.jpg; sourceTree = "<group>"; };
		FA7635481BEAF4F3004E3BFF /* empire_state_building.jpg */ = {isa = PBXFileReference; lastKnownFileType = image.jpeg; path = empire_state_building.jpg; sourceTree = "<group>"; };
		FA7635491BEAF4F3004E3BFF /* grand_canyon.jpg */ = {isa = PBXFileReference; lastKnownFileType = image.jpeg; path = grand_canyon.jpg; sourceTree = "<group>"; };
		FA76354A1BEAF4F3004E3BFF /* windsor_castle.jpg */ = {isa = PBXFileReference; lastKnownFileType = image.jpeg; path = windsor_castle.jpg; sourceTree = "<group>"; };
		FA7635501BEAFF6E004E3BFF /* AttractionDetailViewController.swift */ = {isa = PBXFileReference; fileEncoding = 4; lastKnownFileType = sourcecode.swift; path = AttractionDetailViewController.swift; sourceTree = "<group>"; };
/* End PBXFileReference section */

/* Begin PBXFrameworksBuildPhase section */
		FA76352A1BEAE791004E3BFF /* Frameworks */ = {
			isa = PBXFrameworksBuildPhase;
			buildActionMask = 2147483647;
			files = (
			);
			runOnlyForDeploymentPostprocessing = 0;
		};
/* End PBXFrameworksBuildPhase section */

/* Begin PBXGroup section */
		FA7635241BEAE791004E3BFF = {
			isa = PBXGroup;
			children = (
				FA76352F1BEAE791004E3BFF /* TableViewStory */,
				FA76352E1BEAE791004E3BFF /* Products */,
			);
			sourceTree = "<group>";
		};
		FA76352E1BEAE791004E3BFF /* Products */ = {
			isa = PBXGroup;
			children = (
				FA76352D1BEAE791004E3BFF /* TableViewStory.app */,
			);
			name = Products;
			sourceTree = "<group>";
		};
		FA76352F1BEAE791004E3BFF /* TableViewStory */ = {
			isa = PBXGroup;
			children = (
				FA7635301BEAE791004E3BFF /* AppDelegate.swift */,
				FA7635341BEAE791004E3BFF /* Main.storyboard */,
				FA7635371BEAE791004E3BFF /* Assets.xcassets */,
				FA7635391BEAE791004E3BFF /* LaunchScreen.storyboard */,
				FA76353C1BEAE791004E3BFF /* Info.plist */,
				FA7635421BEAE97B004E3BFF /* AttractionTableViewController.swift */,
				FA7635441BEAEA46004E3BFF /* AttractionTableViewCell.swift */,
				FA7635501BEAFF6E004E3BFF /* AttractionDetailViewController.swift */,
				FA7635461BEAF4F3004E3BFF /* buckingham_palace.jpg */,
				FA7635471BEAF4F3004E3BFF /* eiffel_tower.jpg */,
				FA7635481BEAF4F3004E3BFF /* empire_state_building.jpg */,
				FA7635491BEAF4F3004E3BFF /* grand_canyon.jpg */,
				FA76354A1BEAF4F3004E3BFF /* windsor_castle.jpg */,
			);
			path = TableViewStory;
			sourceTree = "<group>";
		};
/* End PBXGroup section */

/* Begin PBXNativeTarget section */
		FA76352C1BEAE791004E3BFF /* TableViewStory */ = {
			isa = PBXNativeTarget;
			buildConfigurationList = FA76353F1BEAE791004E3BFF /* Build configuration list for PBXNativeTarget "TableViewStory" */;
			buildPhases = (
				FA7635291BEAE791004E3BFF /* Sources */,
				FA76352A1BEAE791004E3BFF /* Frameworks */,
				FA76352B1BEAE791004E3BFF /* Resources */,
			);
			buildRules = (
			);
			dependencies = (
			);
			name = TableViewStory;
			productName = TableViewStory;
			productReference = FA76352D1BEAE791004E3BFF /* TableViewStory.app */;
			productType = "com.apple.product-type.application";
		};
/* End PBXNativeTarget section */

/* Begin PBXProject section */
		FA7635251BEAE791004E3BFF /* Project object */ = {
			isa = PBXProject;
			attributes = {
				LastSwiftUpdateCheck = 0710;
				LastUpgradeCheck = 0710;
				ORGANIZATIONNAME = "GIJU HONG";
				TargetAttributes = {
					FA76352C1BEAE791004E3BFF = {
						CreatedOnToolsVersion = 7.1;
						DevelopmentTeam = 9F4T7N7U37;
					};
				};
			};
			buildConfigurationList = FA7635281BEAE791004E3BFF /* Build configuration list for PBXProject "TableViewStory" */;
			compatibilityVersion = "Xcode 3.2";
			developmentRegion = English;
			hasScannedForEncodings = 0;
			knownRegions = (
				en,
				Base,
			);
			mainGroup = FA7635241BEAE791004E3BFF;
			productRefGroup = FA76352E1BEAE791004E3BFF /* Products */;
			projectDirPath = "";
			projectRoot = "";
			targets = (
				FA76352C1BEAE791004E3BFF /* TableViewStory */,
			);
		};
/* End PBXProject section */

/* Begin PBXResourcesBuildPhase section */
		FA76352B1BEAE791004E3BFF /* Resources */ = {
			isa = PBXResourcesBuildPhase;
			buildActionMask = 2147483647;
			files = (
				FA76353B1BEAE791004E3BFF /* LaunchScreen.storyboard in Resources */,
				FA76354E1BEAF4F3004E3BFF /* grand_canyon.jpg in Resources */,
				FA76354F1BEAF4F3004E3BFF /* windsor_castle.jpg in Resources */,
				FA76354D1BEAF4F3004E3BFF /* empire_state_building.jpg in Resources */,
				FA7635381BEAE791004E3BFF /* Assets.xcassets in Resources */,
				FA76354B1BEAF4F3004E3BFF /* buckingham_palace.jpg in Resources */,
				FA76354C1BEAF4F3004E3BFF /* eiffel_tower.jpg in Resources */,
				FA7635361BEAE791004E3BFF /* Main.storyboard in Resources */,
			);
			runOnlyForDeploymentPostprocessing = 0;
		};
/* End PBXResourcesBuildPhase section */

/* Begin PBXSourcesBuildPhase section */
		FA7635291BEAE791004E3BFF /* Sources */ = {
			isa = PBXSourcesBuildPhase;
			buildActionMask = 2147483647;
			files = (
				FA7635431BEAE97B004E3BFF /* AttractionTableViewController.swift in Sources */,
				FA7635451BEAEA46004E3BFF /* AttractionTableViewCell.swift in Sources */,
				FA7635511BEAFF6E004E3BFF /* AttractionDetailViewController.swift in Sources */,
				FA7635311BEAE791004E3BFF /* AppDelegate.swift in Sources */,
			);
			runOnlyForDeploymentPostprocessing = 0;
		};
/* End PBXSourcesBuildPhase section */

/* Begin PBXVariantGroup section */
		FA7635341BEAE791004E3BFF /* Main.storyboard */ = {
			isa = PBXVariantGroup;
			children = (
				FA7635351BEAE791004E3BFF /* Base */,
			);
			name = Main.storyboard;
			sourceTree = "<group>";
		};
		FA7635391BEAE791004E3BFF /* LaunchScreen.storyboard */ = {
			isa = PBXVariantGroup;
			children = (
				FA76353A1BEAE791004E3BFF /* Base */,
			);
			name = LaunchScreen.storyboard;
			sourceTree = "<group>";
		};
/* End PBXVariantGroup section */

/* Begin XCBuildConfiguration section */
		FA76353D1BEAE791004E3BFF /* Debug */ = {
			isa = XCBuildConfiguration;
			buildSettings = {
				ALWAYS_SEARCH_USER_PATHS = NO;
				CLANG_CXX_LANGUAGE_STANDARD = "gnu++0x";
				CLANG_CXX_LIBRARY = "libc++";
				CLANG_ENABLE_MODULES = YES;
				CLANG_ENABLE_OBJC_ARC = YES;
				CLANG_WARN_BOOL_CONVERSION = YES;
				CLANG_WARN_CONSTANT_CONVERSION = YES;
				CLANG_WARN_DIRECT_OBJC_ISA_USAGE = YES_ERROR;
				CLANG_WARN_EMPTY_BODY = YES;
				CLANG_WARN_ENUM_CONVERSION = YES;
				CLANG_WARN_INT_CONVERSION = YES;
				CLANG_WARN_OBJC_ROOT_CLASS = YES_ERROR;
				CLANG_WARN_UNREACHABLE_CODE = YES;
				CLANG_WARN__DUPLICATE_METHOD_MATCH = YES;
				"CODE_SIGN_IDENTITY[sdk=iphoneos*]" = "iPhone Developer";
				COPY_PHASE_STRIP = NO;
				DEBUG_INFORMATION_FORMAT = dwarf;
				ENABLE_STRICT_OBJC_MSGSEND = YES;
				ENABLE_TESTABILITY = YES;
				GCC_C_LANGUAGE_STANDARD = gnu99;
				GCC_DYNAMIC_NO_PIC = NO;
				GCC_NO_COMMON_BLOCKS = YES;
				GCC_OPTIMIZATION_LEVEL = 0;
				GCC_PREPROCESSOR_DEFINITIONS = (
					"DEBUG=1",
					"$(inherited)",
				);
				GCC_WARN_64_TO_32_BIT_CONVERSION = YES;
				GCC_WARN_ABOUT_RETURN_TYPE = YES_ERROR;
				GCC_WARN_UNDECLARED_SELECTOR = YES;
				GCC_WARN_UNINITIALIZED_AUTOS = YES_AGGRESSIVE;
				GCC_WARN_UNUSED_FUNCTION = YES;
				GCC_WARN_UNUSED_VARIABLE = YES;
				IPHONEOS_DEPLOYMENT_TARGET = 9.1;
				MTL_ENABLE_DEBUG_INFO = YES;
				ONLY_ACTIVE_ARCH = YES;
				SDKROOT = iphoneos;
				SWIFT_OPTIMIZATION_LEVEL = "-Onone";
				TARGETED_DEVICE_FAMILY = "1,2";
			};
			name = Debug;
		};
		FA76353E1BEAE791004E3BFF /* Release */ = {
			isa = XCBuildConfiguration;
			buildSettings = {
				ALWAYS_SEARCH_USER_PATHS = NO;
				CLANG_CXX_LANGUAGE_STANDARD = "gnu++0x";
				CLANG_CXX_LIBRARY = "libc++";
				CLANG_ENABLE_MODULES = YES;
				CLANG_ENABLE_OBJC_ARC = YES;
				CLANG_WARN_BOOL_CONVERSION = YES;
				CLANG_WARN_CONSTANT_CONVERSION = YES;
				CLANG_WARN_DIRECT_OBJC_ISA_USAGE = YES_ERROR;
				CLANG_WARN_EMPTY_BODY = YES;
				CLANG_WARN_ENUM_CONVERSION = YES;
				CLANG_WARN_INT_CONVERSION = YES;
				CLANG_WARN_OBJC_ROOT_CLASS = YES_ERROR;
				CLANG_WARN_UNREACHABLE_CODE = YES;
				CLANG_WARN__DUPLICATE_METHOD_MATCH = YES;
				"CODE_SIGN_IDENTITY[sdk=iphoneos*]" = "iPhone Developer";
				COPY_PHASE_STRIP = NO;
				DEBUG_INFORMATION_FORMAT = "dwarf-with-dsym";
				ENABLE_NS_ASSERTIONS = NO;
				ENABLE_STRICT_OBJC_MSGSEND = YES;
				GCC_C_LANGUAGE_STANDARD = gnu99;
				GCC_NO_COMMON_BLOCKS = YES;
				GCC_WARN_64_TO_32_BIT_CONVERSION = YES;
				GCC_WARN_ABOUT_RETURN_TYPE = YES_ERROR;
				GCC_WARN_UNDECLARED_SELECTOR = YES;
				GCC_WARN_UNINITIALIZED_AUTOS = YES_AGGRESSIVE;
				GCC_WARN_UNUSED_FUNCTION = YES;
				GCC_WARN_UNUSED_VARIABLE = YES;
				IPHONEOS_DEPLOYMENT_TARGET = 9.1;
				MTL_ENABLE_DEBUG_INFO = NO;
				SDKROOT = iphoneos;
				TARGETED_DEVICE_FAMILY = "1,2";
				VALIDATE_PRODUCT = YES;
			};
			name = Release;
		};
		FA7635401BEAE791004E3BFF /* Debug */ = {
			isa = XCBuildConfiguration;
			buildSettings = {
				ASSETCATALOG_COMPILER_APPICON_NAME = AppIcon;
				INFOPLIST_FILE = TableViewStory/Info.plist;
				LD_RUNPATH_SEARCH_PATHS = "$(inherited) @executable_path/Frameworks";
				PRODUCT_BUNDLE_IDENTIFIER = fn.zoo.TableViewStory;
				PRODUCT_NAME = "$(TARGET_NAME)";
			};
			name = Debug;
		};
		FA7635411BEAE791004E3BFF /* Release */ = {
			isa = XCBuildConfiguration;
			buildSettings = {
				ASSETCATALOG_COMPILER_APPICON_NAME = AppIcon;
				INFOPLIST_FILE = TableViewStory/Info.plist;
				LD_RUNPATH_SEARCH_PATHS = "$(inherited) @executable_path/Frameworks";
				PRODUCT_BUNDLE_IDENTIFIER = fn.zoo.TableViewStory;
				PRODUCT_NAME = "$(TARGET_NAME)";
			};
			name = Release;
		};
/* End XCBuildConfiguration section */

/* Begin XCConfigurationList section */
		FA7635281BEAE791004E3BFF /* Build configuration list for PBXProject "TableViewStory" */ = {
			isa = XCConfigurationList;
			buildConfigurations = (
				FA76353D1BEAE791004E3BFF /* Debug */,
				FA76353E1BEAE791004E3BFF /* Release */,
			);
			defaultConfigurationIsVisible = 0;
			defaultConfigurationName = Release;
		};
		FA76353F1BEAE791004E3BFF /* Build configuration list for PBXNativeTarget "TableViewStory" */ = {
			isa = XCConfigurationList;
			buildConfigurations = (
				FA7635401BEAE791004E3BFF /* Debug */,
				FA7635411BEAE791004E3BFF /* Release */,
			);
			defaultConfigurationIsVisible = 0;
		};
/* End XCConfigurationList section */
	};
	rootObject = FA7635251BEAE791004E3BFF /* Project object */;
}
